// !$*UTF8*$!
{
	archiveVersion = 1;
	classes = {
	};
	objectVersion = 50;
	objects = {

/* Begin PBXBuildFile section */
		1102D0EF21A0DAE1001A40DB /* GlobalsCell.swift in Sources */ = {isa = PBXBuildFile; fileRef = 1102D0EE21A0DAE1001A40DB /* GlobalsCell.swift */; };
		1118D44421A02F8900D5D282 /* AppDelegate.swift in Sources */ = {isa = PBXBuildFile; fileRef = 1118D44321A02F8900D5D282 /* AppDelegate.swift */; };
		1118D44921A02F8900D5D282 /* Main.storyboard in Resources */ = {isa = PBXBuildFile; fileRef = 1118D44721A02F8900D5D282 /* Main.storyboard */; };
		1118D44B21A02F8B00D5D282 /* Assets.xcassets in Resources */ = {isa = PBXBuildFile; fileRef = 1118D44A21A02F8B00D5D282 /* Assets.xcassets */; };
		1118D44E21A02F8B00D5D282 /* LaunchScreen.storyboard in Resources */ = {isa = PBXBuildFile; fileRef = 1118D44C21A02F8B00D5D282 /* LaunchScreen.storyboard */; };
		1118D45921A02F8B00D5D282 /* YourWeatherTests.swift in Sources */ = {isa = PBXBuildFile; fileRef = 1118D45821A02F8B00D5D282 /* YourWeatherTests.swift */; };
		1118D46421A02F8C00D5D282 /* YourWeatherUITests.swift in Sources */ = {isa = PBXBuildFile; fileRef = 1118D46321A02F8C00D5D282 /* YourWeatherUITests.swift */; };
		1118D47521A02FF300D5D282 /* LocalWeather.storyboard in Resources */ = {isa = PBXBuildFile; fileRef = 1118D47421A02FF300D5D282 /* LocalWeather.storyboard */; };
		1118D47D21A0305700D5D282 /* LocalWeatherViewController.swift in Sources */ = {isa = PBXBuildFile; fileRef = 1118D47C21A0305700D5D282 /* LocalWeatherViewController.swift */; };
		112B97A221A1848000DD35E1 /* Extension.swift in Sources */ = {isa = PBXBuildFile; fileRef = 112B97A121A1848000DD35E1 /* Extension.swift */; };
		112B97A521A185A900DD35E1 /* MainWeatherCollectionViewController.swift in Sources */ = {isa = PBXBuildFile; fileRef = 112B97A421A185A900DD35E1 /* MainWeatherCollectionViewController.swift */; };
		112B97A821A1884300DD35E1 /* SelectCityWeather.storyboard in Resources */ = {isa = PBXBuildFile; fileRef = 112B97A721A1884300DD35E1 /* SelectCityWeather.storyboard */; };
		112B97AC21A18CAC00DD35E1 /* SelectCityWeatherViewController.swift in Sources */ = {isa = PBXBuildFile; fileRef = 112B97AB21A18CAC00DD35E1 /* SelectCityWeatherViewController.swift */; };
		112B97AE21A1A47700DD35E1 /* GlobalSize.swift in Sources */ = {isa = PBXBuildFile; fileRef = 112B97AD21A1A47700DD35E1 /* GlobalSize.swift */; };
		112B97B121A1AF7200DD35E1 /* SelectCityWeatherViewModel.swift in Sources */ = {isa = PBXBuildFile; fileRef = 112B97B021A1AF7200DD35E1 /* SelectCityWeatherViewModel.swift */; };
		112B97B321A1BCB000DD35E1 /* ProjectLabel.swift in Sources */ = {isa = PBXBuildFile; fileRef = 112B97B221A1BCB000DD35E1 /* ProjectLabel.swift */; };
		112B97B521A1DB0100DD35E1 /* CurrentCityWeatherRespods.swift in Sources */ = {isa = PBXBuildFile; fileRef = 112B97B421A1DB0100DD35E1 /* CurrentCityWeatherRespods.swift */; };
		112B97B821A20F7600DD35E1 /* CollectionViewCell.swift in Sources */ = {isa = PBXBuildFile; fileRef = 112B97B621A20F7600DD35E1 /* CollectionViewCell.swift */; };
		112B97B921A20F7600DD35E1 /* CollectionViewCell.xib in Resources */ = {isa = PBXBuildFile; fileRef = 112B97B721A20F7600DD35E1 /* CollectionViewCell.xib */; };
		115E78E121A5EAD700222BD5 /* DataBaseService.swift in Sources */ = {isa = PBXBuildFile; fileRef = 115E78E021A5EAD700222BD5 /* DataBaseService.swift */; };
		115E78E721A609F500222BD5 /* MainWeatherViewModel.swift in Sources */ = {isa = PBXBuildFile; fileRef = 115E78E621A609F500222BD5 /* MainWeatherViewModel.swift */; };
		1189291F21A047FE00FBD12A /* RestAPI.swift in Sources */ = {isa = PBXBuildFile; fileRef = 1189291E21A047FE00FBD12A /* RestAPI.swift */; };
		1189292121A058D300FBD12A /* WetherModel.swift in Sources */ = {isa = PBXBuildFile; fileRef = 1189292021A058D300FBD12A /* WetherModel.swift */; };
		1189292821A0A27200FBD12A /* CityLabelTableViewCell.swift in Sources */ = {isa = PBXBuildFile; fileRef = 1189292621A0A27200FBD12A /* CityLabelTableViewCell.swift */; };
		1189292921A0A27200FBD12A /* CityLabelTableViewCell.xib in Resources */ = {isa = PBXBuildFile; fileRef = 1189292721A0A27200FBD12A /* CityLabelTableViewCell.xib */; };
		1189292E21A0BFAD00FBD12A /* CityTemperatureTableViewCell.swift in Sources */ = {isa = PBXBuildFile; fileRef = 1189292C21A0BFAD00FBD12A /* CityTemperatureTableViewCell.swift */; };
		1189292F21A0BFAD00FBD12A /* CityTemperatureTableViewCell.xib in Resources */ = {isa = PBXBuildFile; fileRef = 1189292D21A0BFAD00FBD12A /* CityTemperatureTableViewCell.xib */; };
		1189293121A0C78F00FBD12A /* LocalWeatherViewModel.swift in Sources */ = {isa = PBXBuildFile; fileRef = 1189293021A0C78F00FBD12A /* LocalWeatherViewModel.swift */; };
		1189293321A0C90200FBD12A /* Request.swift in Sources */ = {isa = PBXBuildFile; fileRef = 1189293221A0C90200FBD12A /* Request.swift */; };
		1189293521A0C98800FBD12A /* NetworkService.swift in Sources */ = {isa = PBXBuildFile; fileRef = 1189293421A0C98800FBD12A /* NetworkService.swift */; };
		11FD5FD821A3382000495464 /* DateService.swift in Sources */ = {isa = PBXBuildFile; fileRef = 11FD5FD721A3382000495464 /* DateService.swift */; };
		11FD5FDA21A3398B00495464 /* DegreesService.swift in Sources */ = {isa = PBXBuildFile; fileRef = 11FD5FD921A3398B00495464 /* DegreesService.swift */; };
		11FD5FDE21A34DF400495464 /* CityWeatherDetailsTableViewCell.swift in Sources */ = {isa = PBXBuildFile; fileRef = 11FD5FDC21A34DF400495464 /* CityWeatherDetailsTableViewCell.swift */; };
		11FD5FDF21A34DF400495464 /* CityWeatherDetailsTableViewCell.xib in Resources */ = {isa = PBXBuildFile; fileRef = 11FD5FDD21A34DF400495464 /* CityWeatherDetailsTableViewCell.xib */; };
		11FD5FE221A3638000495464 /* MainWeatherCollectionViewCell.swift in Sources */ = {isa = PBXBuildFile; fileRef = 11FD5FE021A3638000495464 /* MainWeatherCollectionViewCell.swift */; };
		11FD5FE321A3638000495464 /* MainWeatherCollectionViewCell.xib in Resources */ = {isa = PBXBuildFile; fileRef = 11FD5FE121A3638000495464 /* MainWeatherCollectionViewCell.xib */; };
		11FD5FE821A369FF00495464 /* Weather.xcdatamodeld in Sources */ = {isa = PBXBuildFile; fileRef = 11FD5FE621A369FF00495464 /* Weather.xcdatamodeld */; };
		8AB2C250D14CF16EE4986BD1 /* Pods_YourWeather.framework in Frameworks */ = {isa = PBXBuildFile; fileRef = 0E2B5A3E7CE53C8CE2CA6D8D /* Pods_YourWeather.framework */; };
		CBEE22439A41420091114811 /* Pods_YourWeatherUITests.framework in Frameworks */ = {isa = PBXBuildFile; fileRef = 348B168DBF90334375DFC421 /* Pods_YourWeatherUITests.framework */; };
		D554645C94157190A0E34899 /* Pods_YourWeatherTests.framework in Frameworks */ = {isa = PBXBuildFile; fileRef = 4B540DB322CCCE36FD41DA08 /* Pods_YourWeatherTests.framework */; };
/* End PBXBuildFile section */

/* Begin PBXContainerItemProxy section */
		1118D45521A02F8B00D5D282 /* PBXContainerItemProxy */ = {
			isa = PBXContainerItemProxy;
			containerPortal = 1118D43821A02F8900D5D282 /* Project object */;
			proxyType = 1;
			remoteGlobalIDString = 1118D43F21A02F8900D5D282;
			remoteInfo = YourWeather;
		};
		1118D46021A02F8C00D5D282 /* PBXContainerItemProxy */ = {
			isa = PBXContainerItemProxy;
			containerPortal = 1118D43821A02F8900D5D282 /* Project object */;
			proxyType = 1;
			remoteGlobalIDString = 1118D43F21A02F8900D5D282;
			remoteInfo = YourWeather;
		};
/* End PBXContainerItemProxy section */

/* Begin PBXFileReference section */
		0E2B5A3E7CE53C8CE2CA6D8D /* Pods_YourWeather.framework */ = {isa = PBXFileReference; explicitFileType = wrapper.framework; includeInIndex = 0; path = Pods_YourWeather.framework; sourceTree = BUILT_PRODUCTS_DIR; };
		1102D0EE21A0DAE1001A40DB /* GlobalsCell.swift */ = {isa = PBXFileReference; lastKnownFileType = sourcecode.swift; path = GlobalsCell.swift; sourceTree = "<group>"; };
		1118D44021A02F8900D5D282 /* YourWeather.app */ = {isa = PBXFileReference; explicitFileType = wrapper.application; includeInIndex = 0; path = YourWeather.app; sourceTree = BUILT_PRODUCTS_DIR; };
		1118D44321A02F8900D5D282 /* AppDelegate.swift */ = {isa = PBXFileReference; lastKnownFileType = sourcecode.swift; path = AppDelegate.swift; sourceTree = "<group>"; };
		1118D44821A02F8900D5D282 /* Base */ = {isa = PBXFileReference; lastKnownFileType = file.storyboard; name = Base; path = Base.lproj/Main.storyboard; sourceTree = "<group>"; };
		1118D44A21A02F8B00D5D282 /* Assets.xcassets */ = {isa = PBXFileReference; lastKnownFileType = folder.assetcatalog; path = Assets.xcassets; sourceTree = "<group>"; };
		1118D44D21A02F8B00D5D282 /* Base */ = {isa = PBXFileReference; lastKnownFileType = file.storyboard; name = Base; path = Base.lproj/LaunchScreen.storyboard; sourceTree = "<group>"; };
		1118D44F21A02F8B00D5D282 /* Info.plist */ = {isa = PBXFileReference; lastKnownFileType = text.plist.xml; path = Info.plist; sourceTree = "<group>"; };
		1118D45421A02F8B00D5D282 /* YourWeatherTests.xctest */ = {isa = PBXFileReference; explicitFileType = wrapper.cfbundle; includeInIndex = 0; path = YourWeatherTests.xctest; sourceTree = BUILT_PRODUCTS_DIR; };
		1118D45821A02F8B00D5D282 /* YourWeatherTests.swift */ = {isa = PBXFileReference; lastKnownFileType = sourcecode.swift; path = YourWeatherTests.swift; sourceTree = "<group>"; };
		1118D45A21A02F8B00D5D282 /* Info.plist */ = {isa = PBXFileReference; lastKnownFileType = text.plist.xml; path = Info.plist; sourceTree = "<group>"; };
		1118D45F21A02F8C00D5D282 /* YourWeatherUITests.xctest */ = {isa = PBXFileReference; explicitFileType = wrapper.cfbundle; includeInIndex = 0; path = YourWeatherUITests.xctest; sourceTree = BUILT_PRODUCTS_DIR; };
		1118D46321A02F8C00D5D282 /* YourWeatherUITests.swift */ = {isa = PBXFileReference; lastKnownFileType = sourcecode.swift; path = YourWeatherUITests.swift; sourceTree = "<group>"; };
		1118D46521A02F8C00D5D282 /* Info.plist */ = {isa = PBXFileReference; lastKnownFileType = text.plist.xml; path = Info.plist; sourceTree = "<group>"; };
		1118D47421A02FF300D5D282 /* LocalWeather.storyboard */ = {isa = PBXFileReference; lastKnownFileType = file.storyboard; path = LocalWeather.storyboard; sourceTree = "<group>"; };
		1118D47C21A0305700D5D282 /* LocalWeatherViewController.swift */ = {isa = PBXFileReference; lastKnownFileType = sourcecode.swift; path = LocalWeatherViewController.swift; sourceTree = "<group>"; };
		112B97A121A1848000DD35E1 /* Extension.swift */ = {isa = PBXFileReference; lastKnownFileType = sourcecode.swift; path = Extension.swift; sourceTree = "<group>"; };
		112B97A421A185A900DD35E1 /* MainWeatherCollectionViewController.swift */ = {isa = PBXFileReference; lastKnownFileType = sourcecode.swift; path = MainWeatherCollectionViewController.swift; sourceTree = "<group>"; };
		112B97A721A1884300DD35E1 /* SelectCityWeather.storyboard */ = {isa = PBXFileReference; lastKnownFileType = file.storyboard; path = SelectCityWeather.storyboard; sourceTree = "<group>"; };
		112B97AB21A18CAC00DD35E1 /* SelectCityWeatherViewController.swift */ = {isa = PBXFileReference; lastKnownFileType = sourcecode.swift; path = SelectCityWeatherViewController.swift; sourceTree = "<group>"; };
		112B97AD21A1A47700DD35E1 /* GlobalSize.swift */ = {isa = PBXFileReference; lastKnownFileType = sourcecode.swift; path = GlobalSize.swift; sourceTree = "<group>"; };
		112B97B021A1AF7200DD35E1 /* SelectCityWeatherViewModel.swift */ = {isa = PBXFileReference; lastKnownFileType = sourcecode.swift; path = SelectCityWeatherViewModel.swift; sourceTree = "<group>"; };
		112B97B221A1BCB000DD35E1 /* ProjectLabel.swift */ = {isa = PBXFileReference; lastKnownFileType = sourcecode.swift; path = ProjectLabel.swift; sourceTree = "<group>"; };
		112B97B421A1DB0100DD35E1 /* CurrentCityWeatherRespods.swift */ = {isa = PBXFileReference; lastKnownFileType = sourcecode.swift; path = CurrentCityWeatherRespods.swift; sourceTree = "<group>"; };
		112B97B621A20F7600DD35E1 /* CollectionViewCell.swift */ = {isa = PBXFileReference; lastKnownFileType = sourcecode.swift; path = CollectionViewCell.swift; sourceTree = "<group>"; };
		112B97B721A20F7600DD35E1 /* CollectionViewCell.xib */ = {isa = PBXFileReference; lastKnownFileType = file.xib; path = CollectionViewCell.xib; sourceTree = "<group>"; };
		115E78E021A5EAD700222BD5 /* DataBaseService.swift */ = {isa = PBXFileReference; lastKnownFileType = sourcecode.swift; path = DataBaseService.swift; sourceTree = "<group>"; };
		115E78E621A609F500222BD5 /* MainWeatherViewModel.swift */ = {isa = PBXFileReference; lastKnownFileType = sourcecode.swift; path = MainWeatherViewModel.swift; sourceTree = "<group>"; };
		1189291E21A047FE00FBD12A /* RestAPI.swift */ = {isa = PBXFileReference; lastKnownFileType = sourcecode.swift; path = RestAPI.swift; sourceTree = "<group>"; };
		1189292021A058D300FBD12A /* WetherModel.swift */ = {isa = PBXFileReference; lastKnownFileType = sourcecode.swift; path = WetherModel.swift; sourceTree = "<group>"; };
		1189292621A0A27200FBD12A /* CityLabelTableViewCell.swift */ = {isa = PBXFileReference; lastKnownFileType = sourcecode.swift; path = CityLabelTableViewCell.swift; sourceTree = "<group>"; };
		1189292721A0A27200FBD12A /* CityLabelTableViewCell.xib */ = {isa = PBXFileReference; lastKnownFileType = file.xib; path = CityLabelTableViewCell.xib; sourceTree = "<group>"; };
		1189292C21A0BFAD00FBD12A /* CityTemperatureTableViewCell.swift */ = {isa = PBXFileReference; lastKnownFileType = sourcecode.swift; path = CityTemperatureTableViewCell.swift; sourceTree = "<group>"; };
		1189292D21A0BFAD00FBD12A /* CityTemperatureTableViewCell.xib */ = {isa = PBXFileReference; lastKnownFileType = file.xib; path = CityTemperatureTableViewCell.xib; sourceTree = "<group>"; };
		1189293021A0C78F00FBD12A /* LocalWeatherViewModel.swift */ = {isa = PBXFileReference; lastKnownFileType = sourcecode.swift; path = LocalWeatherViewModel.swift; sourceTree = "<group>"; };
		1189293221A0C90200FBD12A /* Request.swift */ = {isa = PBXFileReference; lastKnownFileType = sourcecode.swift; path = Request.swift; sourceTree = "<group>"; };
		1189293421A0C98800FBD12A /* NetworkService.swift */ = {isa = PBXFileReference; lastKnownFileType = sourcecode.swift; path = NetworkService.swift; sourceTree = "<group>"; };
		11FD5FD721A3382000495464 /* DateService.swift */ = {isa = PBXFileReference; lastKnownFileType = sourcecode.swift; path = DateService.swift; sourceTree = "<group>"; };
		11FD5FD921A3398B00495464 /* DegreesService.swift */ = {isa = PBXFileReference; lastKnownFileType = sourcecode.swift; path = DegreesService.swift; sourceTree = "<group>"; };
		11FD5FDC21A34DF400495464 /* CityWeatherDetailsTableViewCell.swift */ = {isa = PBXFileReference; lastKnownFileType = sourcecode.swift; path = CityWeatherDetailsTableViewCell.swift; sourceTree = "<group>"; };
		11FD5FDD21A34DF400495464 /* CityWeatherDetailsTableViewCell.xib */ = {isa = PBXFileReference; lastKnownFileType = file.xib; path = CityWeatherDetailsTableViewCell.xib; sourceTree = "<group>"; };
		11FD5FE021A3638000495464 /* MainWeatherCollectionViewCell.swift */ = {isa = PBXFileReference; lastKnownFileType = sourcecode.swift; path = MainWeatherCollectionViewCell.swift; sourceTree = "<group>"; };
		11FD5FE121A3638000495464 /* MainWeatherCollectionViewCell.xib */ = {isa = PBXFileReference; lastKnownFileType = file.xib; path = MainWeatherCollectionViewCell.xib; sourceTree = "<group>"; };
		11FD5FE721A369FF00495464 /* Weather.xcdatamodel */ = {isa = PBXFileReference; lastKnownFileType = wrapper.xcdatamodel; path = Weather.xcdatamodel; sourceTree = "<group>"; };
		348B168DBF90334375DFC421 /* Pods_YourWeatherUITests.framework */ = {isa = PBXFileReference; explicitFileType = wrapper.framework; includeInIndex = 0; path = Pods_YourWeatherUITests.framework; sourceTree = BUILT_PRODUCTS_DIR; };
		34A935A014BE23B58386E4CA /* Pods-YourWeatherUITests.debug.xcconfig */ = {isa = PBXFileReference; includeInIndex = 1; lastKnownFileType = text.xcconfig; name = "Pods-YourWeatherUITests.debug.xcconfig"; path = "Pods/Target Support Files/Pods-YourWeatherUITests/Pods-YourWeatherUITests.debug.xcconfig"; sourceTree = "<group>"; };
		4B540DB322CCCE36FD41DA08 /* Pods_YourWeatherTests.framework */ = {isa = PBXFileReference; explicitFileType = wrapper.framework; includeInIndex = 0; path = Pods_YourWeatherTests.framework; sourceTree = BUILT_PRODUCTS_DIR; };
		5161D8483246D3E2AAB512AC /* Pods-YourWeatherTests.release.xcconfig */ = {isa = PBXFileReference; includeInIndex = 1; lastKnownFileType = text.xcconfig; name = "Pods-YourWeatherTests.release.xcconfig"; path = "Pods/Target Support Files/Pods-YourWeatherTests/Pods-YourWeatherTests.release.xcconfig"; sourceTree = "<group>"; };
		5DD2D2CE856DE1CF737A532F /* Pods-YourWeather.debug.xcconfig */ = {isa = PBXFileReference; includeInIndex = 1; lastKnownFileType = text.xcconfig; name = "Pods-YourWeather.debug.xcconfig"; path = "Pods/Target Support Files/Pods-YourWeather/Pods-YourWeather.debug.xcconfig"; sourceTree = "<group>"; };
		6BB59B46CBF3DDDEA0C1E20B /* Pods-YourWeather.release.xcconfig */ = {isa = PBXFileReference; includeInIndex = 1; lastKnownFileType = text.xcconfig; name = "Pods-YourWeather.release.xcconfig"; path = "Pods/Target Support Files/Pods-YourWeather/Pods-YourWeather.release.xcconfig"; sourceTree = "<group>"; };
		F3922C2566EBEA8BE545FCAE /* Pods-YourWeatherTests.debug.xcconfig */ = {isa = PBXFileReference; includeInIndex = 1; lastKnownFileType = text.xcconfig; name = "Pods-YourWeatherTests.debug.xcconfig"; path = "Pods/Target Support Files/Pods-YourWeatherTests/Pods-YourWeatherTests.debug.xcconfig"; sourceTree = "<group>"; };
		F9FA094DF800575D9F59E79F /* Pods-YourWeatherUITests.release.xcconfig */ = {isa = PBXFileReference; includeInIndex = 1; lastKnownFileType = text.xcconfig; name = "Pods-YourWeatherUITests.release.xcconfig"; path = "Pods/Target Support Files/Pods-YourWeatherUITests/Pods-YourWeatherUITests.release.xcconfig"; sourceTree = "<group>"; };
/* End PBXFileReference section */

/* Begin PBXFrameworksBuildPhase section */
		1118D43D21A02F8900D5D282 /* Frameworks */ = {
			isa = PBXFrameworksBuildPhase;
			buildActionMask = 2147483647;
			files = (
				8AB2C250D14CF16EE4986BD1 /* Pods_YourWeather.framework in Frameworks */,
			);
			runOnlyForDeploymentPostprocessing = 0;
		};
		1118D45121A02F8B00D5D282 /* Frameworks */ = {
			isa = PBXFrameworksBuildPhase;
			buildActionMask = 2147483647;
			files = (
				D554645C94157190A0E34899 /* Pods_YourWeatherTests.framework in Frameworks */,
			);
			runOnlyForDeploymentPostprocessing = 0;
		};
		1118D45C21A02F8C00D5D282 /* Frameworks */ = {
			isa = PBXFrameworksBuildPhase;
			buildActionMask = 2147483647;
			files = (
				CBEE22439A41420091114811 /* Pods_YourWeatherUITests.framework in Frameworks */,
			);
			runOnlyForDeploymentPostprocessing = 0;
		};
/* End PBXFrameworksBuildPhase section */

/* Begin PBXGroup section */
		092D0B39AED15E25E48A99A5 /* Pods */ = {
			isa = PBXGroup;
			children = (
				5DD2D2CE856DE1CF737A532F /* Pods-YourWeather.debug.xcconfig */,
				6BB59B46CBF3DDDEA0C1E20B /* Pods-YourWeather.release.xcconfig */,
				F3922C2566EBEA8BE545FCAE /* Pods-YourWeatherTests.debug.xcconfig */,
				5161D8483246D3E2AAB512AC /* Pods-YourWeatherTests.release.xcconfig */,
				34A935A014BE23B58386E4CA /* Pods-YourWeatherUITests.debug.xcconfig */,
				F9FA094DF800575D9F59E79F /* Pods-YourWeatherUITests.release.xcconfig */,
			);
			name = Pods;
			sourceTree = "<group>";
		};
		1102D0ED21A0DAB8001A40DB /* Globals */ = {
			isa = PBXGroup;
			children = (
				1102D0EE21A0DAE1001A40DB /* GlobalsCell.swift */,
				112B97AD21A1A47700DD35E1 /* GlobalSize.swift */,
			);
			path = Globals;
			sourceTree = "<group>";
		};
		1102D0F021A0DBC9001A40DB /* Request */ = {
			isa = PBXGroup;
			children = (
				1189291E21A047FE00FBD12A /* RestAPI.swift */,
				1189293221A0C90200FBD12A /* Request.swift */,
			);
			name = Request;
			sourceTree = "<group>";
		};
		1102D0F121A0DBD5001A40DB /* Responds */ = {
			isa = PBXGroup;
			children = (
				1189292021A058D300FBD12A /* WetherModel.swift */,
				112B97B421A1DB0100DD35E1 /* CurrentCityWeatherRespods.swift */,
			);
			path = Responds;
			sourceTree = "<group>";
		};
		1118D43721A02F8900D5D282 = {
			isa = PBXGroup;
			children = (
				1118D44221A02F8900D5D282 /* YourWeather */,
				1118D45721A02F8B00D5D282 /* YourWeatherTests */,
				1118D46221A02F8C00D5D282 /* YourWeatherUITests */,
				1118D44121A02F8900D5D282 /* Products */,
				092D0B39AED15E25E48A99A5 /* Pods */,
				2CE16CAB0B5960D74F04E2DD /* Frameworks */,
			);
			sourceTree = "<group>";
		};
		1118D44121A02F8900D5D282 /* Products */ = {
			isa = PBXGroup;
			children = (
				1118D44021A02F8900D5D282 /* YourWeather.app */,
				1118D45421A02F8B00D5D282 /* YourWeatherTests.xctest */,
				1118D45F21A02F8C00D5D282 /* YourWeatherUITests.xctest */,
			);
			name = Products;
			sourceTree = "<group>";
		};
		1118D44221A02F8900D5D282 /* YourWeather */ = {
			isa = PBXGroup;
			children = (
				1118D44721A02F8900D5D282 /* Main.storyboard */,
				1118D44321A02F8900D5D282 /* AppDelegate.swift */,
				11FD5FD521A3380500495464 /* Services */,
				112B97A021A1846500DD35E1 /* Extension */,
				1102D0ED21A0DAB8001A40DB /* Globals */,
				1118D48221A044BA00D5D282 /* RestAPI */,
				1118D48021A03F8F00D5D282 /* View */,
				1118D47321A02FDA00D5D282 /* Controllers */,
				1118D44A21A02F8B00D5D282 /* Assets.xcassets */,
				1118D44C21A02F8B00D5D282 /* LaunchScreen.storyboard */,
				1118D44F21A02F8B00D5D282 /* Info.plist */,
				11FD5FE621A369FF00495464 /* Weather.xcdatamodeld */,
			);
			path = YourWeather;
			sourceTree = "<group>";
		};
		1118D45721A02F8B00D5D282 /* YourWeatherTests */ = {
			isa = PBXGroup;
			children = (
				1118D45821A02F8B00D5D282 /* YourWeatherTests.swift */,
				1118D45A21A02F8B00D5D282 /* Info.plist */,
			);
			path = YourWeatherTests;
			sourceTree = "<group>";
		};
		1118D46221A02F8C00D5D282 /* YourWeatherUITests */ = {
			isa = PBXGroup;
			children = (
				1118D46321A02F8C00D5D282 /* YourWeatherUITests.swift */,
				1118D46521A02F8C00D5D282 /* Info.plist */,
			);
			path = YourWeatherUITests;
			sourceTree = "<group>";
		};
		1118D47121A02FBE00D5D282 /* LocalWeather */ = {
			isa = PBXGroup;
			children = (
				1189292221A094CF00FBD12A /* ViewModel */,
				1189292521A0A1EB00FBD12A /* Cell */,
				1118D47421A02FF300D5D282 /* LocalWeather.storyboard */,
				1118D47C21A0305700D5D282 /* LocalWeatherViewController.swift */,
			);
			path = LocalWeather;
			sourceTree = "<group>";
		};
		1118D47321A02FDA00D5D282 /* Controllers */ = {
			isa = PBXGroup;
			children = (
				112B97A321A1858700DD35E1 /* MainWeather */,
				112B97A621A1880B00DD35E1 /* SelectCityWeather */,
				1118D47121A02FBE00D5D282 /* LocalWeather */,
			);
			path = Controllers;
			sourceTree = "<group>";
		};
		1118D48021A03F8F00D5D282 /* View */ = {
			isa = PBXGroup;
			children = (
				112B97B221A1BCB000DD35E1 /* ProjectLabel.swift */,
			);
			path = View;
			sourceTree = "<group>";
		};
		1118D48121A044A900D5D282 /* NetworkService */ = {
			isa = PBXGroup;
			children = (
				1189293421A0C98800FBD12A /* NetworkService.swift */,
			);
			path = NetworkService;
			sourceTree = "<group>";
		};
		1118D48221A044BA00D5D282 /* RestAPI */ = {
			isa = PBXGroup;
			children = (
				1102D0F121A0DBD5001A40DB /* Responds */,
				1118D48121A044A900D5D282 /* NetworkService */,
				1102D0F021A0DBC9001A40DB /* Request */,
			);
			path = RestAPI;
			sourceTree = "<group>";
		};
		112B97A021A1846500DD35E1 /* Extension */ = {
			isa = PBXGroup;
			children = (
				112B97A121A1848000DD35E1 /* Extension.swift */,
			);
			path = Extension;
			sourceTree = "<group>";
		};
		112B97A321A1858700DD35E1 /* MainWeather */ = {
			isa = PBXGroup;
			children = (
				11FD5FE521A3638A00495464 /* ViewModel */,
				11FD5FE421A3638300495464 /* Cell */,
				112B97A421A185A900DD35E1 /* MainWeatherCollectionViewController.swift */,
			);
			path = MainWeather;
			sourceTree = "<group>";
		};
		112B97A621A1880B00DD35E1 /* SelectCityWeather */ = {
			isa = PBXGroup;
			children = (
				112B97AF21A1AF5C00DD35E1 /* SelectCityWeatherViewModel */,
				112B97A721A1884300DD35E1 /* SelectCityWeather.storyboard */,
				112B97AB21A18CAC00DD35E1 /* SelectCityWeatherViewController.swift */,
			);
			path = SelectCityWeather;
			sourceTree = "<group>";
		};
		112B97AF21A1AF5C00DD35E1 /* SelectCityWeatherViewModel */ = {
			isa = PBXGroup;
			children = (
				112B97B021A1AF7200DD35E1 /* SelectCityWeatherViewModel.swift */,
			);
			path = SelectCityWeatherViewModel;
			sourceTree = "<group>";
		};
		115E78DE21A5EAA300222BD5 /* DegreesService */ = {
			isa = PBXGroup;
			children = (
				11FD5FD921A3398B00495464 /* DegreesService.swift */,
			);
			path = DegreesService;
			sourceTree = "<group>";
		};
		115E78DF21A5EAA900222BD5 /* DataBaseService */ = {
			isa = PBXGroup;
			children = (
				115E78E021A5EAD700222BD5 /* DataBaseService.swift */,
			);
			path = DataBaseService;
			sourceTree = "<group>";
		};
		1189292221A094CF00FBD12A /* ViewModel */ = {
			isa = PBXGroup;
			children = (
				1189293021A0C78F00FBD12A /* LocalWeatherViewModel.swift */,
			);
			path = ViewModel;
			sourceTree = "<group>";
		};
		1189292521A0A1EB00FBD12A /* Cell */ = {
			isa = PBXGroup;
			children = (
				1189292A21A0BF8400FBD12A /* CityLabel */,
				11FD5FDB21A34DC000495464 /* CityWeatherDetails */,
				1189292B21A0BF9000FBD12A /* CityTemperatureCell */,
			);
			path = Cell;
			sourceTree = "<group>";
		};
		1189292A21A0BF8400FBD12A /* CityLabel */ = {
			isa = PBXGroup;
			children = (
				1189292621A0A27200FBD12A /* CityLabelTableViewCell.swift */,
				1189292721A0A27200FBD12A /* CityLabelTableViewCell.xib */,
			);
			path = CityLabel;
			sourceTree = "<group>";
		};
		1189292B21A0BF9000FBD12A /* CityTemperatureCell */ = {
			isa = PBXGroup;
			children = (
				1189292C21A0BFAD00FBD12A /* CityTemperatureTableViewCell.swift */,
				1189292D21A0BFAD00FBD12A /* CityTemperatureTableViewCell.xib */,
				112B97B621A20F7600DD35E1 /* CollectionViewCell.swift */,
				112B97B721A20F7600DD35E1 /* CollectionViewCell.xib */,
			);
			path = CityTemperatureCell;
			sourceTree = "<group>";
		};
		11FD5FD521A3380500495464 /* Services */ = {
			isa = PBXGroup;
			children = (
				115E78DF21A5EAA900222BD5 /* DataBaseService */,
				115E78DE21A5EAA300222BD5 /* DegreesService */,
				11FD5FD621A3380F00495464 /* DateService */,
			);
			path = Services;
			sourceTree = "<group>";
		};
		11FD5FD621A3380F00495464 /* DateService */ = {
			isa = PBXGroup;
			children = (
				11FD5FD721A3382000495464 /* DateService.swift */,
			);
			path = DateService;
			sourceTree = "<group>";
		};
		11FD5FDB21A34DC000495464 /* CityWeatherDetails */ = {
			isa = PBXGroup;
			children = (
				11FD5FDC21A34DF400495464 /* CityWeatherDetailsTableViewCell.swift */,
				11FD5FDD21A34DF400495464 /* CityWeatherDetailsTableViewCell.xib */,
			);
			path = CityWeatherDetails;
			sourceTree = "<group>";
		};
		11FD5FE421A3638300495464 /* Cell */ = {
			isa = PBXGroup;
			children = (
				11FD5FE021A3638000495464 /* MainWeatherCollectionViewCell.swift */,
				11FD5FE121A3638000495464 /* MainWeatherCollectionViewCell.xib */,
			);
			path = Cell;
			sourceTree = "<group>";
		};
		11FD5FE521A3638A00495464 /* ViewModel */ = {
			isa = PBXGroup;
			children = (
				115E78E621A609F500222BD5 /* MainWeatherViewModel.swift */,
			);
			path = ViewModel;
			sourceTree = "<group>";
		};
		2CE16CAB0B5960D74F04E2DD /* Frameworks */ = {
			isa = PBXGroup;
			children = (
				0E2B5A3E7CE53C8CE2CA6D8D /* Pods_YourWeather.framework */,
				4B540DB322CCCE36FD41DA08 /* Pods_YourWeatherTests.framework */,
				348B168DBF90334375DFC421 /* Pods_YourWeatherUITests.framework */,
			);
			name = Frameworks;
			sourceTree = "<group>";
		};
/* End PBXGroup section */

/* Begin PBXNativeTarget section */
		1118D43F21A02F8900D5D282 /* YourWeather */ = {
			isa = PBXNativeTarget;
			buildConfigurationList = 1118D46821A02F8C00D5D282 /* Build configuration list for PBXNativeTarget "YourWeather" */;
			buildPhases = (
				58867D7C5B031201303297A5 /* [CP] Check Pods Manifest.lock */,
				1118D43C21A02F8900D5D282 /* Sources */,
				1118D43D21A02F8900D5D282 /* Frameworks */,
				1118D43E21A02F8900D5D282 /* Resources */,
				406993F5D322EBDA55040C1B /* [CP] Embed Pods Frameworks */,
			);
			buildRules = (
			);
			dependencies = (
			);
			name = YourWeather;
			productName = YourWeather;
			productReference = 1118D44021A02F8900D5D282 /* YourWeather.app */;
			productType = "com.apple.product-type.application";
		};
		1118D45321A02F8B00D5D282 /* YourWeatherTests */ = {
			isa = PBXNativeTarget;
			buildConfigurationList = 1118D46B21A02F8C00D5D282 /* Build configuration list for PBXNativeTarget "YourWeatherTests" */;
			buildPhases = (
				20465C0EC0377E99695B3894 /* [CP] Check Pods Manifest.lock */,
				1118D45021A02F8B00D5D282 /* Sources */,
				1118D45121A02F8B00D5D282 /* Frameworks */,
				1118D45221A02F8B00D5D282 /* Resources */,
			);
			buildRules = (
			);
			dependencies = (
				1118D45621A02F8B00D5D282 /* PBXTargetDependency */,
			);
			name = YourWeatherTests;
			productName = YourWeatherTests;
			productReference = 1118D45421A02F8B00D5D282 /* YourWeatherTests.xctest */;
			productType = "com.apple.product-type.bundle.unit-test";
		};
		1118D45E21A02F8C00D5D282 /* YourWeatherUITests */ = {
			isa = PBXNativeTarget;
			buildConfigurationList = 1118D46E21A02F8C00D5D282 /* Build configuration list for PBXNativeTarget "YourWeatherUITests" */;
			buildPhases = (
				12B711FBCFB963412BA0B954 /* [CP] Check Pods Manifest.lock */,
				1118D45B21A02F8C00D5D282 /* Sources */,
				1118D45C21A02F8C00D5D282 /* Frameworks */,
				1118D45D21A02F8C00D5D282 /* Resources */,
			);
			buildRules = (
			);
			dependencies = (
				1118D46121A02F8C00D5D282 /* PBXTargetDependency */,
			);
			name = YourWeatherUITests;
			productName = YourWeatherUITests;
			productReference = 1118D45F21A02F8C00D5D282 /* YourWeatherUITests.xctest */;
			productType = "com.apple.product-type.bundle.ui-testing";
		};
/* End PBXNativeTarget section */

/* Begin PBXProject section */
		1118D43821A02F8900D5D282 /* Project object */ = {
			isa = PBXProject;
			attributes = {
				LastSwiftUpdateCheck = 1000;
				LastUpgradeCheck = 1000;
				ORGANIZATIONNAME = AlexanderKogut;
				TargetAttributes = {
					1118D43F21A02F8900D5D282 = {
						CreatedOnToolsVersion = 10.0;
					};
					1118D45321A02F8B00D5D282 = {
						CreatedOnToolsVersion = 10.0;
						TestTargetID = 1118D43F21A02F8900D5D282;
					};
					1118D45E21A02F8C00D5D282 = {
						CreatedOnToolsVersion = 10.0;
						TestTargetID = 1118D43F21A02F8900D5D282;
					};
				};
			};
			buildConfigurationList = 1118D43B21A02F8900D5D282 /* Build configuration list for PBXProject "YourWeather" */;
			compatibilityVersion = "Xcode 9.3";
			developmentRegion = en;
			hasScannedForEncodings = 0;
			knownRegions = (
				en,
				Base,
			);
			mainGroup = 1118D43721A02F8900D5D282;
			productRefGroup = 1118D44121A02F8900D5D282 /* Products */;
			projectDirPath = "";
			projectRoot = "";
			targets = (
				1118D43F21A02F8900D5D282 /* YourWeather */,
				1118D45321A02F8B00D5D282 /* YourWeatherTests */,
				1118D45E21A02F8C00D5D282 /* YourWeatherUITests */,
			);
		};
/* End PBXProject section */

/* Begin PBXResourcesBuildPhase section */
		1118D43E21A02F8900D5D282 /* Resources */ = {
			isa = PBXResourcesBuildPhase;
			buildActionMask = 2147483647;
			files = (
				1118D44E21A02F8B00D5D282 /* LaunchScreen.storyboard in Resources */,
				1118D47521A02FF300D5D282 /* LocalWeather.storyboard in Resources */,
				1118D44B21A02F8B00D5D282 /* Assets.xcassets in Resources */,
				1189292F21A0BFAD00FBD12A /* CityTemperatureTableViewCell.xib in Resources */,
				112B97A821A1884300DD35E1 /* SelectCityWeather.storyboard in Resources */,
				1118D44921A02F8900D5D282 /* Main.storyboard in Resources */,
				112B97B921A20F7600DD35E1 /* CollectionViewCell.xib in Resources */,
				11FD5FDF21A34DF400495464 /* CityWeatherDetailsTableViewCell.xib in Resources */,
				11FD5FE321A3638000495464 /* MainWeatherCollectionViewCell.xib in Resources */,
				1189292921A0A27200FBD12A /* CityLabelTableViewCell.xib in Resources */,
			);
			runOnlyForDeploymentPostprocessing = 0;
		};
		1118D45221A02F8B00D5D282 /* Resources */ = {
			isa = PBXResourcesBuildPhase;
			buildActionMask = 2147483647;
			files = (
			);
			runOnlyForDeploymentPostprocessing = 0;
		};
		1118D45D21A02F8C00D5D282 /* Resources */ = {
			isa = PBXResourcesBuildPhase;
			buildActionMask = 2147483647;
			files = (
			);
			runOnlyForDeploymentPostprocessing = 0;
		};
/* End PBXResourcesBuildPhase section */

/* Begin PBXShellScriptBuildPhase section */
		12B711FBCFB963412BA0B954 /* [CP] Check Pods Manifest.lock */ = {
			isa = PBXShellScriptBuildPhase;
			buildActionMask = 2147483647;
			files = (
			);
			inputPaths = (
				"${PODS_PODFILE_DIR_PATH}/Podfile.lock",
				"${PODS_ROOT}/Manifest.lock",
			);
			name = "[CP] Check Pods Manifest.lock";
			outputPaths = (
				"$(DERIVED_FILE_DIR)/Pods-YourWeatherUITests-checkManifestLockResult.txt",
			);
			runOnlyForDeploymentPostprocessing = 0;
			shellPath = /bin/sh;
			shellScript = "diff \"${PODS_PODFILE_DIR_PATH}/Podfile.lock\" \"${PODS_ROOT}/Manifest.lock\" > /dev/null\nif [ $? != 0 ] ; then\n    # print error to STDERR\n    echo \"error: The sandbox is not in sync with the Podfile.lock. Run 'pod install' or update your CocoaPods installation.\" >&2\n    exit 1\nfi\n# This output is used by Xcode 'outputs' to avoid re-running this script phase.\necho \"SUCCESS\" > \"${SCRIPT_OUTPUT_FILE_0}\"\n";
			showEnvVarsInLog = 0;
		};
		20465C0EC0377E99695B3894 /* [CP] Check Pods Manifest.lock */ = {
			isa = PBXShellScriptBuildPhase;
			buildActionMask = 2147483647;
			files = (
			);
			inputPaths = (
				"${PODS_PODFILE_DIR_PATH}/Podfile.lock",
				"${PODS_ROOT}/Manifest.lock",
			);
			name = "[CP] Check Pods Manifest.lock";
			outputPaths = (
				"$(DERIVED_FILE_DIR)/Pods-YourWeatherTests-checkManifestLockResult.txt",
			);
			runOnlyForDeploymentPostprocessing = 0;
			shellPath = /bin/sh;
			shellScript = "diff \"${PODS_PODFILE_DIR_PATH}/Podfile.lock\" \"${PODS_ROOT}/Manifest.lock\" > /dev/null\nif [ $? != 0 ] ; then\n    # print error to STDERR\n    echo \"error: The sandbox is not in sync with the Podfile.lock. Run 'pod install' or update your CocoaPods installation.\" >&2\n    exit 1\nfi\n# This output is used by Xcode 'outputs' to avoid re-running this script phase.\necho \"SUCCESS\" > \"${SCRIPT_OUTPUT_FILE_0}\"\n";
			showEnvVarsInLog = 0;
		};
		406993F5D322EBDA55040C1B /* [CP] Embed Pods Frameworks */ = {
			isa = PBXShellScriptBuildPhase;
			buildActionMask = 2147483647;
			files = (
			);
			inputPaths = (
				"${SRCROOT}/Pods/Target Support Files/Pods-YourWeather/Pods-YourWeather-frameworks.sh",
				"${BUILT_PRODUCTS_DIR}/Alamofire/Alamofire.framework",
				"${BUILT_PRODUCTS_DIR}/HandyJSON/HandyJSON.framework",
				"${BUILT_PRODUCTS_DIR}/SVProgressHUD/SVProgressHUD.framework",
			);
			name = "[CP] Embed Pods Frameworks";
			outputPaths = (
				"${TARGET_BUILD_DIR}/${FRAMEWORKS_FOLDER_PATH}/Alamofire.framework",
				"${TARGET_BUILD_DIR}/${FRAMEWORKS_FOLDER_PATH}/HandyJSON.framework",
				"${TARGET_BUILD_DIR}/${FRAMEWORKS_FOLDER_PATH}/SVProgressHUD.framework",
			);
			runOnlyForDeploymentPostprocessing = 0;
			shellPath = /bin/sh;
			shellScript = "\"${SRCROOT}/Pods/Target Support Files/Pods-YourWeather/Pods-YourWeather-frameworks.sh\"\n";
			showEnvVarsInLog = 0;
		};
		58867D7C5B031201303297A5 /* [CP] Check Pods Manifest.lock */ = {
			isa = PBXShellScriptBuildPhase;
			buildActionMask = 2147483647;
			files = (
			);
			inputPaths = (
				"${PODS_PODFILE_DIR_PATH}/Podfile.lock",
				"${PODS_ROOT}/Manifest.lock",
			);
			name = "[CP] Check Pods Manifest.lock";
			outputPaths = (
				"$(DERIVED_FILE_DIR)/Pods-YourWeather-checkManifestLockResult.txt",
			);
			runOnlyForDeploymentPostprocessing = 0;
			shellPath = /bin/sh;
			shellScript = "diff \"${PODS_PODFILE_DIR_PATH}/Podfile.lock\" \"${PODS_ROOT}/Manifest.lock\" > /dev/null\nif [ $? != 0 ] ; then\n    # print error to STDERR\n    echo \"error: The sandbox is not in sync with the Podfile.lock. Run 'pod install' or update your CocoaPods installation.\" >&2\n    exit 1\nfi\n# This output is used by Xcode 'outputs' to avoid re-running this script phase.\necho \"SUCCESS\" > \"${SCRIPT_OUTPUT_FILE_0}\"\n";
			showEnvVarsInLog = 0;
		};
/* End PBXShellScriptBuildPhase section */

/* Begin PBXSourcesBuildPhase section */
		1118D43C21A02F8900D5D282 /* Sources */ = {
			isa = PBXSourcesBuildPhase;
			buildActionMask = 2147483647;
			files = (
				115E78E721A609F500222BD5 /* MainWeatherViewModel.swift in Sources */,
				1189292121A058D300FBD12A /* WetherModel.swift in Sources */,
				1189291F21A047FE00FBD12A /* RestAPI.swift in Sources */,
				112B97B821A20F7600DD35E1 /* CollectionViewCell.swift in Sources */,
				11FD5FDA21A3398B00495464 /* DegreesService.swift in Sources */,
				112B97B521A1DB0100DD35E1 /* CurrentCityWeatherRespods.swift in Sources */,
				112B97A221A1848000DD35E1 /* Extension.swift in Sources */,
				11FD5FE821A369FF00495464 /* Weather.xcdatamodeld in Sources */,
				112B97AE21A1A47700DD35E1 /* GlobalSize.swift in Sources */,
				11FD5FD821A3382000495464 /* DateService.swift in Sources */,
				112B97B321A1BCB000DD35E1 /* ProjectLabel.swift in Sources */,
				1189292821A0A27200FBD12A /* CityLabelTableViewCell.swift in Sources */,
				1189293321A0C90200FBD12A /* Request.swift in Sources */,
				112B97A521A185A900DD35E1 /* MainWeatherCollectionViewController.swift in Sources */,
				1118D47D21A0305700D5D282 /* LocalWeatherViewController.swift in Sources */,
				112B97B121A1AF7200DD35E1 /* SelectCityWeatherViewModel.swift in Sources */,
				1189292E21A0BFAD00FBD12A /* CityTemperatureTableViewCell.swift in Sources */,
				112B97AC21A18CAC00DD35E1 /* SelectCityWeatherViewController.swift in Sources */,
				11FD5FE221A3638000495464 /* MainWeatherCollectionViewCell.swift in Sources */,
				115E78E121A5EAD700222BD5 /* DataBaseService.swift in Sources */,
				1102D0EF21A0DAE1001A40DB /* GlobalsCell.swift in Sources */,
				11FD5FDE21A34DF400495464 /* CityWeatherDetailsTableViewCell.swift in Sources */,
				1118D44421A02F8900D5D282 /* AppDelegate.swift in Sources */,
				1189293521A0C98800FBD12A /* NetworkService.swift in Sources */,
				1189293121A0C78F00FBD12A /* LocalWeatherViewModel.swift in Sources */,
			);
			runOnlyForDeploymentPostprocessing = 0;
		};
		1118D45021A02F8B00D5D282 /* Sources */ = {
			isa = PBXSourcesBuildPhase;
			buildActionMask = 2147483647;
			files = (
				1118D45921A02F8B00D5D282 /* YourWeatherTests.swift in Sources */,
			);
			runOnlyForDeploymentPostprocessing = 0;
		};
		1118D45B21A02F8C00D5D282 /* Sources */ = {
			isa = PBXSourcesBuildPhase;
			buildActionMask = 2147483647;
			files = (
				1118D46421A02F8C00D5D282 /* YourWeatherUITests.swift in Sources */,
			);
			runOnlyForDeploymentPostprocessing = 0;
		};
/* End PBXSourcesBuildPhase section */

/* Begin PBXTargetDependency section */
		1118D45621A02F8B00D5D282 /* PBXTargetDependency */ = {
			isa = PBXTargetDependency;
			target = 1118D43F21A02F8900D5D282 /* YourWeather */;
			targetProxy = 1118D45521A02F8B00D5D282 /* PBXContainerItemProxy */;
		};
		1118D46121A02F8C00D5D282 /* PBXTargetDependency */ = {
			isa = PBXTargetDependency;
			target = 1118D43F21A02F8900D5D282 /* YourWeather */;
			targetProxy = 1118D46021A02F8C00D5D282 /* PBXContainerItemProxy */;
		};
/* End PBXTargetDependency section */

/* Begin PBXVariantGroup section */
		1118D44721A02F8900D5D282 /* Main.storyboard */ = {
			isa = PBXVariantGroup;
			children = (
				1118D44821A02F8900D5D282 /* Base */,
			);
			name = Main.storyboard;
			sourceTree = "<group>";
		};
		1118D44C21A02F8B00D5D282 /* LaunchScreen.storyboard */ = {
			isa = PBXVariantGroup;
			children = (
				1118D44D21A02F8B00D5D282 /* Base */,
			);
			name = LaunchScreen.storyboard;
			sourceTree = "<group>";
		};
/* End PBXVariantGroup section */

/* Begin XCBuildConfiguration section */
		1118D46621A02F8C00D5D282 /* Debug */ = {
			isa = XCBuildConfiguration;
			buildSettings = {
				ALWAYS_SEARCH_USER_PATHS = NO;
				CLANG_ANALYZER_NONNULL = YES;
				CLANG_ANALYZER_NUMBER_OBJECT_CONVERSION = YES_AGGRESSIVE;
				CLANG_CXX_LANGUAGE_STANDARD = "gnu++14";
				CLANG_CXX_LIBRARY = "libc++";
				CLANG_ENABLE_MODULES = YES;
				CLANG_ENABLE_OBJC_ARC = YES;
				CLANG_ENABLE_OBJC_WEAK = YES;
				CLANG_WARN_BLOCK_CAPTURE_AUTORELEASING = YES;
				CLANG_WARN_BOOL_CONVERSION = YES;
				CLANG_WARN_COMMA = YES;
				CLANG_WARN_CONSTANT_CONVERSION = YES;
				CLANG_WARN_DEPRECATED_OBJC_IMPLEMENTATIONS = YES;
				CLANG_WARN_DIRECT_OBJC_ISA_USAGE = YES_ERROR;
				CLANG_WARN_DOCUMENTATION_COMMENTS = YES;
				CLANG_WARN_EMPTY_BODY = YES;
				CLANG_WARN_ENUM_CONVERSION = YES;
				CLANG_WARN_INFINITE_RECURSION = YES;
				CLANG_WARN_INT_CONVERSION = YES;
				CLANG_WARN_NON_LITERAL_NULL_CONVERSION = YES;
				CLANG_WARN_OBJC_IMPLICIT_RETAIN_SELF = YES;
				CLANG_WARN_OBJC_LITERAL_CONVERSION = YES;
				CLANG_WARN_OBJC_ROOT_CLASS = YES_ERROR;
				CLANG_WARN_RANGE_LOOP_ANALYSIS = YES;
				CLANG_WARN_STRICT_PROTOTYPES = YES;
				CLANG_WARN_SUSPICIOUS_MOVE = YES;
				CLANG_WARN_UNGUARDED_AVAILABILITY = YES_AGGRESSIVE;
				CLANG_WARN_UNREACHABLE_CODE = YES;
				CLANG_WARN__DUPLICATE_METHOD_MATCH = YES;
				CODE_SIGN_IDENTITY = "iPhone Developer";
				COPY_PHASE_STRIP = NO;
				DEBUG_INFORMATION_FORMAT = dwarf;
				ENABLE_STRICT_OBJC_MSGSEND = YES;
				ENABLE_TESTABILITY = YES;
				GCC_C_LANGUAGE_STANDARD = gnu11;
				GCC_DYNAMIC_NO_PIC = NO;
				GCC_NO_COMMON_BLOCKS = YES;
				GCC_OPTIMIZATION_LEVEL = 0;
				GCC_PREPROCESSOR_DEFINITIONS = (
					"DEBUG=1",
					"$(inherited)",
				);
				GCC_WARN_64_TO_32_BIT_CONVERSION = YES;
				GCC_WARN_ABOUT_RETURN_TYPE = YES_ERROR;
				GCC_WARN_UNDECLARED_SELECTOR = YES;
				GCC_WARN_UNINITIALIZED_AUTOS = YES_AGGRESSIVE;
				GCC_WARN_UNUSED_FUNCTION = YES;
				GCC_WARN_UNUSED_VARIABLE = YES;
				IPHONEOS_DEPLOYMENT_TARGET = 12.0;
				MTL_ENABLE_DEBUG_INFO = INCLUDE_SOURCE;
				MTL_FAST_MATH = YES;
				ONLY_ACTIVE_ARCH = YES;
				SDKROOT = iphoneos;
				SWIFT_ACTIVE_COMPILATION_CONDITIONS = DEBUG;
				SWIFT_OPTIMIZATION_LEVEL = "-Onone";
			};
			name = Debug;
		};
		1118D46721A02F8C00D5D282 /* Release */ = {
			isa = XCBuildConfiguration;
			buildSettings = {
				ALWAYS_SEARCH_USER_PATHS = NO;
				CLANG_ANALYZER_NONNULL = YES;
				CLANG_ANALYZER_NUMBER_OBJECT_CONVERSION = YES_AGGRESSIVE;
				CLANG_CXX_LANGUAGE_STANDARD = "gnu++14";
				CLANG_CXX_LIBRARY = "libc++";
				CLANG_ENABLE_MODULES = YES;
				CLANG_ENABLE_OBJC_ARC = YES;
				CLANG_ENABLE_OBJC_WEAK = YES;
				CLANG_WARN_BLOCK_CAPTURE_AUTORELEASING = YES;
				CLANG_WARN_BOOL_CONVERSION = YES;
				CLANG_WARN_COMMA = YES;
				CLANG_WARN_CONSTANT_CONVERSION = YES;
				CLANG_WARN_DEPRECATED_OBJC_IMPLEMENTATIONS = YES;
				CLANG_WARN_DIRECT_OBJC_ISA_USAGE = YES_ERROR;
				CLANG_WARN_DOCUMENTATION_COMMENTS = YES;
				CLANG_WARN_EMPTY_BODY = YES;
				CLANG_WARN_ENUM_CONVERSION = YES;
				CLANG_WARN_INFINITE_RECURSION = YES;
				CLANG_WARN_INT_CONVERSION = YES;
				CLANG_WARN_NON_LITERAL_NULL_CONVERSION = YES;
				CLANG_WARN_OBJC_IMPLICIT_RETAIN_SELF = YES;
				CLANG_WARN_OBJC_LITERAL_CONVERSION = YES;
				CLANG_WARN_OBJC_ROOT_CLASS = YES_ERROR;
				CLANG_WARN_RANGE_LOOP_ANALYSIS = YES;
				CLANG_WARN_STRICT_PROTOTYPES = YES;
				CLANG_WARN_SUSPICIOUS_MOVE = YES;
				CLANG_WARN_UNGUARDED_AVAILABILITY = YES_AGGRESSIVE;
				CLANG_WARN_UNREACHABLE_CODE = YES;
				CLANG_WARN__DUPLICATE_METHOD_MATCH = YES;
				CODE_SIGN_IDENTITY = "iPhone Developer";
				COPY_PHASE_STRIP = NO;
				DEBUG_INFORMATION_FORMAT = "dwarf-with-dsym";
				ENABLE_NS_ASSERTIONS = NO;
				ENABLE_STRICT_OBJC_MSGSEND = YES;
				GCC_C_LANGUAGE_STANDARD = gnu11;
				GCC_NO_COMMON_BLOCKS = YES;
				GCC_WARN_64_TO_32_BIT_CONVERSION = YES;
				GCC_WARN_ABOUT_RETURN_TYPE = YES_ERROR;
				GCC_WARN_UNDECLARED_SELECTOR = YES;
				GCC_WARN_UNINITIALIZED_AUTOS = YES_AGGRESSIVE;
				GCC_WARN_UNUSED_FUNCTION = YES;
				GCC_WARN_UNUSED_VARIABLE = YES;
				IPHONEOS_DEPLOYMENT_TARGET = 12.0;
				MTL_ENABLE_DEBUG_INFO = NO;
				MTL_FAST_MATH = YES;
				SDKROOT = iphoneos;
				SWIFT_COMPILATION_MODE = wholemodule;
				SWIFT_OPTIMIZATION_LEVEL = "-O";
				VALIDATE_PRODUCT = YES;
			};
			name = Release;
		};
		1118D46921A02F8C00D5D282 /* Debug */ = {
			isa = XCBuildConfiguration;
			baseConfigurationReference = 5DD2D2CE856DE1CF737A532F /* Pods-YourWeather.debug.xcconfig */;
			buildSettings = {
				ASSETCATALOG_COMPILER_APPICON_NAME = AppIcon;
				CODE_SIGN_STYLE = Automatic;
				DEVELOPMENT_TEAM = "";
				INFOPLIST_FILE = YourWeather/Info.plist;
				IPHONEOS_DEPLOYMENT_TARGET = 11.3;
				LD_RUNPATH_SEARCH_PATHS = (
					"$(inherited)",
					"@executable_path/Frameworks",
				);
				PRODUCT_BUNDLE_IDENTIFIER = AlexanderKogut.YourWeather;
				PRODUCT_NAME = "$(TARGET_NAME)";
				SWIFT_VERSION = 4.2;
				TARGETED_DEVICE_FAMILY = "1,2";
			};
			name = Debug;
		};
		1118D46A21A02F8C00D5D282 /* Release */ = {
			isa = XCBuildConfiguration;
			baseConfigurationReference = 6BB59B46CBF3DDDEA0C1E20B /* Pods-YourWeather.release.xcconfig */;
			buildSettings = {
				ASSETCATALOG_COMPILER_APPICON_NAME = AppIcon;
				CODE_SIGN_STYLE = Automatic;
				DEVELOPMENT_TEAM = "";
				INFOPLIST_FILE = YourWeather/Info.plist;
				IPHONEOS_DEPLOYMENT_TARGET = 11.3;
				LD_RUNPATH_SEARCH_PATHS = (
					"$(inherited)",
					"@executable_path/Frameworks",
				);
				PRODUCT_BUNDLE_IDENTIFIER = AlexanderKogut.YourWeather;
				PRODUCT_NAME = "$(TARGET_NAME)";
				SWIFT_VERSION = 4.2;
				TARGETED_DEVICE_FAMILY = "1,2";
			};
			name = Release;
		};
		1118D46C21A02F8C00D5D282 /* Debug */ = {
			isa = XCBuildConfiguration;
			baseConfigurationReference = F3922C2566EBEA8BE545FCAE /* Pods-YourWeatherTests.debug.xcconfig */;
			buildSettings = {
				ALWAYS_EMBED_SWIFT_STANDARD_LIBRARIES = YES;
				BUNDLE_LOADER = "$(TEST_HOST)";
				CODE_SIGN_STYLE = Automatic;
				INFOPLIST_FILE = YourWeatherTests/Info.plist;
				LD_RUNPATH_SEARCH_PATHS = (
					"$(inherited)",
					"@executable_path/Frameworks",
					"@loader_path/Frameworks",
				);
				PRODUCT_BUNDLE_IDENTIFIER = AlexanderKogut.YourWeatherTests;
				PRODUCT_NAME = "$(TARGET_NAME)";
				SWIFT_VERSION = 4.2;
				TARGETED_DEVICE_FAMILY = "1,2";
				TEST_HOST = "$(BUILT_PRODUCTS_DIR)/YourWeather.app/YourWeather";
			};
			name = Debug;
		};
		1118D46D21A02F8C00D5D282 /* Release */ = {
			isa = XCBuildConfiguration;
			baseConfigurationReference = 5161D8483246D3E2AAB512AC /* Pods-YourWeatherTests.release.xcconfig */;
			buildSettings = {
				ALWAYS_EMBED_SWIFT_STANDARD_LIBRARIES = YES;
				BUNDLE_LOADER = "$(TEST_HOST)";
				CODE_SIGN_STYLE = Automatic;
				INFOPLIST_FILE = YourWeatherTests/Info.plist;
				LD_RUNPATH_SEARCH_PATHS = (
					"$(inherited)",
					"@executable_path/Frameworks",
					"@loader_path/Frameworks",
				);
				PRODUCT_BUNDLE_IDENTIFIER = AlexanderKogut.YourWeatherTests;
				PRODUCT_NAME = "$(TARGET_NAME)";
				SWIFT_VERSION = 4.2;
				TARGETED_DEVICE_FAMILY = "1,2";
				TEST_HOST = "$(BUILT_PRODUCTS_DIR)/YourWeather.app/YourWeather";
			};
			name = Release;
		};
		1118D46F21A02F8C00D5D282 /* Debug */ = {
			isa = XCBuildConfiguration;
			baseConfigurationReference = 34A935A014BE23B58386E4CA /* Pods-YourWeatherUITests.debug.xcconfig */;
			buildSettings = {
				ALWAYS_EMBED_SWIFT_STANDARD_LIBRARIES = YES;
				CODE_SIGN_STYLE = Automatic;
				INFOPLIST_FILE = YourWeatherUITests/Info.plist;
				LD_RUNPATH_SEARCH_PATHS = (
					"$(inherited)",
					"@executable_path/Frameworks",
					"@loader_path/Frameworks",
				);
				PRODUCT_BUNDLE_IDENTIFIER = AlexanderKogut.YourWeatherUITests;
				PRODUCT_NAME = "$(TARGET_NAME)";
				SWIFT_VERSION = 4.2;
				TARGETED_DEVICE_FAMILY = "1,2";
				TEST_TARGET_NAME = YourWeather;
			};
			name = Debug;
		};
		1118D47021A02F8C00D5D282 /* Release */ = {
			isa = XCBuildConfiguration;
			baseConfigurationReference = F9FA094DF800575D9F59E79F /* Pods-YourWeatherUITests.release.xcconfig */;
			buildSettings = {
				ALWAYS_EMBED_SWIFT_STANDARD_LIBRARIES = YES;
				CODE_SIGN_STYLE = Automatic;
				INFOPLIST_FILE = YourWeatherUITests/Info.plist;
				LD_RUNPATH_SEARCH_PATHS = (
					"$(inherited)",
					"@executable_path/Frameworks",
					"@loader_path/Frameworks",
				);
				PRODUCT_BUNDLE_IDENTIFIER = AlexanderKogut.YourWeatherUITests;
				PRODUCT_NAME = "$(TARGET_NAME)";
				SWIFT_VERSION = 4.2;
				TARGETED_DEVICE_FAMILY = "1,2";
				TEST_TARGET_NAME = YourWeather;
			};
			name = Release;
		};
/* End XCBuildConfiguration section */

/* Begin XCConfigurationList section */
		1118D43B21A02F8900D5D282 /* Build configuration list for PBXProject "YourWeather" */ = {
			isa = XCConfigurationList;
			buildConfigurations = (
				1118D46621A02F8C00D5D282 /* Debug */,
				1118D46721A02F8C00D5D282 /* Release */,
			);
			defaultConfigurationIsVisible = 0;
			defaultConfigurationName = Release;
		};
		1118D46821A02F8C00D5D282 /* Build configuration list for PBXNativeTarget "YourWeather" */ = {
			isa = XCConfigurationList;
			buildConfigurations = (
				1118D46921A02F8C00D5D282 /* Debug */,
				1118D46A21A02F8C00D5D282 /* Release */,
			);
			defaultConfigurationIsVisible = 0;
			defaultConfigurationName = Release;
		};
		1118D46B21A02F8C00D5D282 /* Build configuration list for PBXNativeTarget "YourWeatherTests" */ = {
			isa = XCConfigurationList;
			buildConfigurations = (
				1118D46C21A02F8C00D5D282 /* Debug */,
				1118D46D21A02F8C00D5D282 /* Release */,
			);
			defaultConfigurationIsVisible = 0;
			defaultConfigurationName = Release;
		};
		1118D46E21A02F8C00D5D282 /* Build configuration list for PBXNativeTarget "YourWeatherUITests" */ = {
			isa = XCConfigurationList;
			buildConfigurations = (
				1118D46F21A02F8C00D5D282 /* Debug */,
				1118D47021A02F8C00D5D282 /* Release */,
			);
			defaultConfigurationIsVisible = 0;
			defaultConfigurationName = Release;
		};
/* End XCConfigurationList section */

/* Begin XCVersionGroup section */
		11FD5FE621A369FF00495464 /* Weather.xcdatamodeld */ = {
			isa = XCVersionGroup;
			children = (
				11FD5FE721A369FF00495464 /* Weather.xcdatamodel */,
			);
			currentVersion = 11FD5FE721A369FF00495464 /* Weather.xcdatamodel */;
			path = Weather.xcdatamodeld;
			sourceTree = "<group>";
			versionGroupType = wrapper.xcdatamodel;
		};
/* End XCVersionGroup section */
	};
	rootObject = 1118D43821A02F8900D5D282 /* Project object */;
}
